
Microsoft Visual Studio Solution File, Format Version 12.00
# Visual Studio 15
Project("{FAE04EC0-301F-11D3-BF4B-00C04F79EFBC}") = "CrossAudioManager", "CrossAudioManager.csproj", "{D3C38B62-D71B-41C1-BE65-2C03BF2D087F}"
EndProject
Global
	GlobalSection(SolutionConfigurationPlatforms) = preSolution
		Debug|Any CPU = Debug|Any CPU
		Release|Any CPU = Release|Any CPU
	EndGlobalSection
	GlobalSection(ProjectConfigurationPlatforms) = postSolution
		{D3C38B62-D71B-41C1-BE65-2C03BF2D087F}.Debug|Any CPU.ActiveCfg = Debug|Any CPU
		{D3C38B62-D71B-41C1-BE65-2C03BF2D087F}.Debug|Any CPU.Build.0 = Debug|Any CPU
		{D3C38B62-D71B-41C1-BE65-2C03BF2D087F}.Release|Any CPU.ActiveCfg = Release|Any CPU
		{D3C38B62-D71B-41C1-BE65-2C03BF2D087F}.Release|Any CPU.Build.0 = Release|Any CPU
	EndGlobalSection
EndGlobal
